
Microsoft Visual Studio Solution File, Format Version 12.00
# Visual Studio Version 17
VisualStudioVersion = 17.3.32819.101
MinimumVisualStudioVersion = 10.0.40219.1
Project("{FAE04EC0-301F-11D3-BF4B-00C04F79EFBC}") = "EcommerceBookApp", "EcommerceBookApp\EcommerceBookApp.csproj", "{1374D76A-BD85-47AC-9BA1-9C34F660835A}"
EndProject
Global
	GlobalSection(SolutionConfigurationPlatforms) = preSolution
		Debug|Any CPU = Debug|Any CPU
		Release|Any CPU = Release|Any CPU
	EndGlobalSection
	GlobalSection(ProjectConfigurationPlatforms) = postSolution
		{1374D76A-BD85-47AC-9BA1-9C34F660835A}.Debug|Any CPU.ActiveCfg = Debug|Any CPU
		{1374D76A-BD85-47AC-9BA1-9C34F660835A}.Debug|Any CPU.Build.0 = Debug|Any CPU
		{1374D76A-BD85-47AC-9BA1-9C34F660835A}.Release|Any CPU.ActiveCfg = Release|Any CPU
		{1374D76A-BD85-47AC-9BA1-9C34F660835A}.Release|Any CPU.Build.0 = Release|Any CPU
	EndGlobalSection
	GlobalSection(SolutionProperties) = preSolution
		HideSolutionNode = FALSE
	EndGlobalSection
	GlobalSection(ExtensibilityGlobals) = postSolution
		SolutionGuid = {F66146BA-79B9-4018-8B16-80D503731265}
	EndGlobalSection
EndGlobal
